
Microsoft Visual Studio Solution File, Format Version 12.00
# Visual Studio Version 17
VisualStudioVersion = 17.10.35013.160
MinimumVisualStudioVersion = 10.0.40219.1
Project("{9A19103F-16F7-4668-BE54-9A1E7A4F7556}") = "ExcelCreateApp", "ExcelCreateApp\ExcelCreateApp.csproj", "{2D9CCB33-0534-45AA-B5DA-2360368CF59A}"
EndProject
Project("{9A19103F-16F7-4668-BE54-9A1E7A4F7556}") = "SharedLib", "SharedLib\SharedLib.csproj", "{93C757C7-F449-4E1B-9555-F6564EEEA4A6}"
EndProject
Project("{FAE04EC0-301F-11D3-BF4B-00C04F79EFBC}") = "FileCreateWorkerService", "FileCreateWorkerService\FileCreateWorkerService.csproj", "{F0F60773-952E-4E74-9E78-B55FAEC7EB65}"
EndProject
Global
	GlobalSection(SolutionConfigurationPlatforms) = preSolution
		Debug|Any CPU = Debug|Any CPU
		Release|Any CPU = Release|Any CPU
	EndGlobalSection
	GlobalSection(ProjectConfigurationPlatforms) = postSolution
		{2D9CCB33-0534-45AA-B5DA-2360368CF59A}.Debug|Any CPU.ActiveCfg = Debug|Any CPU
		{2D9CCB33-0534-45AA-B5DA-2360368CF59A}.Debug|Any CPU.Build.0 = Debug|Any CPU
		{2D9CCB33-0534-45AA-B5DA-2360368CF59A}.Release|Any CPU.ActiveCfg = Release|Any CPU
		{2D9CCB33-0534-45AA-B5DA-2360368CF59A}.Release|Any CPU.Build.0 = Release|Any CPU
		{93C757C7-F449-4E1B-9555-F6564EEEA4A6}.Debug|Any CPU.ActiveCfg = Debug|Any CPU
		{93C757C7-F449-4E1B-9555-F6564EEEA4A6}.Debug|Any CPU.Build.0 = Debug|Any CPU
		{93C757C7-F449-4E1B-9555-F6564EEEA4A6}.Release|Any CPU.ActiveCfg = Release|Any CPU
		{93C757C7-F449-4E1B-9555-F6564EEEA4A6}.Release|Any CPU.Build.0 = Release|Any CPU
		{F0F60773-952E-4E74-9E78-B55FAEC7EB65}.Debug|Any CPU.ActiveCfg = Debug|Any CPU
		{F0F60773-952E-4E74-9E78-B55FAEC7EB65}.Debug|Any CPU.Build.0 = Debug|Any CPU
		{F0F60773-952E-4E74-9E78-B55FAEC7EB65}.Release|Any CPU.ActiveCfg = Release|Any CPU
		{F0F60773-952E-4E74-9E78-B55FAEC7EB65}.Release|Any CPU.Build.0 = Release|Any CPU
	EndGlobalSection
	GlobalSection(SolutionProperties) = preSolution
		HideSolutionNode = FALSE
	EndGlobalSection
	GlobalSection(ExtensibilityGlobals) = postSolution
		SolutionGuid = {24F5F38B-06EF-436D-91C3-D12C6D8F2478}
	EndGlobalSection
EndGlobal
