
Microsoft Visual Studio Solution File, Format Version 12.00
# Visual Studio Version 17
VisualStudioVersion = 17.10.35013.160
MinimumVisualStudioVersion = 10.0.40219.1
Project("{FAE04EC0-301F-11D3-BF4B-00C04F79EFBC}") = "ExcelCreateApp", "ExcelCreateApp\ExcelCreateApp.csproj", "{2D9CCB33-0534-45AA-B5DA-2360368CF59A}"
EndProject
Global
	GlobalSection(SolutionConfigurationPlatforms) = preSolution
		Debug|Any CPU = Debug|Any CPU
		Release|Any CPU = Release|Any CPU
	EndGlobalSection
	GlobalSection(ProjectConfigurationPlatforms) = postSolution
		{2D9CCB33-0534-45AA-B5DA-2360368CF59A}.Debug|Any CPU.ActiveCfg = Debug|Any CPU
		{2D9CCB33-0534-45AA-B5DA-2360368CF59A}.Debug|Any CPU.Build.0 = Debug|Any CPU
		{2D9CCB33-0534-45AA-B5DA-2360368CF59A}.Release|Any CPU.ActiveCfg = Release|Any CPU
		{2D9CCB33-0534-45AA-B5DA-2360368CF59A}.Release|Any CPU.Build.0 = Release|Any CPU
	EndGlobalSection
	GlobalSection(SolutionProperties) = preSolution
		HideSolutionNode = FALSE
	EndGlobalSection
	GlobalSection(ExtensibilityGlobals) = postSolution
		SolutionGuid = {24F5F38B-06EF-436D-91C3-D12C6D8F2478}
	EndGlobalSection
EndGlobal
